
Microsoft Visual Studio Solution File, Format Version 12.00
# Visual Studio Version 17
VisualStudioVersion = 17.7.34024.191
MinimumVisualStudioVersion = 10.0.40219.1
Project("{9A19103F-16F7-4668-BE54-9A1E7A4F7556}") = "ProjectManagementWinApp_NguyenQuangVinh", "WindowsFormsDemo\ProjectManagementWinApp_NguyenQuangVinh.csproj", "{D15FEADF-597D-447C-AD75-60CC25721CFF}"
EndProject
Project("{9A19103F-16F7-4668-BE54-9A1E7A4F7556}") = "Repositories", "Repositories\Repositories.csproj", "{DE6FD8E3-198B-4FAC-A6EE-0FFFA99752F1}"
EndProject
Project("{9A19103F-16F7-4668-BE54-9A1E7A4F7556}") = "BusinessObjects", "BusinessObjects\BusinessObjects.csproj", "{BC8ABFE5-57B2-4A1D-B6C4-801157733C77}"
EndProject
Project("{9A19103F-16F7-4668-BE54-9A1E7A4F7556}") = "DataAccessObjects", "DataAccessObjects\DataAccessObjects.csproj", "{1B1CBD9D-6E1F-4A20-AFD3-067768883376}"
EndProject
Global
	GlobalSection(SolutionConfigurationPlatforms) = preSolution
		Debug|Any CPU = Debug|Any CPU
		Release|Any CPU = Release|Any CPU
	EndGlobalSection
	GlobalSection(ProjectConfigurationPlatforms) = postSolution
		{D15FEADF-597D-447C-AD75-60CC25721CFF}.Debug|Any CPU.ActiveCfg = Debug|Any CPU
		{D15FEADF-597D-447C-AD75-60CC25721CFF}.Debug|Any CPU.Build.0 = Debug|Any CPU
		{D15FEADF-597D-447C-AD75-60CC25721CFF}.Release|Any CPU.ActiveCfg = Release|Any CPU
		{D15FEADF-597D-447C-AD75-60CC25721CFF}.Release|Any CPU.Build.0 = Release|Any CPU
		{DE6FD8E3-198B-4FAC-A6EE-0FFFA99752F1}.Debug|Any CPU.ActiveCfg = Debug|Any CPU
		{DE6FD8E3-198B-4FAC-A6EE-0FFFA99752F1}.Debug|Any CPU.Build.0 = Debug|Any CPU
		{DE6FD8E3-198B-4FAC-A6EE-0FFFA99752F1}.Release|Any CPU.ActiveCfg = Release|Any CPU
		{DE6FD8E3-198B-4FAC-A6EE-0FFFA99752F1}.Release|Any CPU.Build.0 = Release|Any CPU
		{BC8ABFE5-57B2-4A1D-B6C4-801157733C77}.Debug|Any CPU.ActiveCfg = Debug|Any CPU
		{BC8ABFE5-57B2-4A1D-B6C4-801157733C77}.Debug|Any CPU.Build.0 = Debug|Any CPU
		{BC8ABFE5-57B2-4A1D-B6C4-801157733C77}.Release|Any CPU.ActiveCfg = Release|Any CPU
		{BC8ABFE5-57B2-4A1D-B6C4-801157733C77}.Release|Any CPU.Build.0 = Release|Any CPU
		{1B1CBD9D-6E1F-4A20-AFD3-067768883376}.Debug|Any CPU.ActiveCfg = Debug|Any CPU
		{1B1CBD9D-6E1F-4A20-AFD3-067768883376}.Debug|Any CPU.Build.0 = Debug|Any CPU
		{1B1CBD9D-6E1F-4A20-AFD3-067768883376}.Release|Any CPU.ActiveCfg = Release|Any CPU
		{1B1CBD9D-6E1F-4A20-AFD3-067768883376}.Release|Any CPU.Build.0 = Release|Any CPU
	EndGlobalSection
	GlobalSection(SolutionProperties) = preSolution
		HideSolutionNode = FALSE
	EndGlobalSection
	GlobalSection(ExtensibilityGlobals) = postSolution
		SolutionGuid = {8679B3DD-1B24-4B02-A699-3D6590B9790C}
	EndGlobalSection
EndGlobal
