
Microsoft Visual Studio Solution File, Format Version 12.00
# Visual Studio Version 16
VisualStudioVersion = 16.0.31624.102
MinimumVisualStudioVersion = 10.0.40219.1
Project("{9A19103F-16F7-4668-BE54-9A1E7A4F7556}") = "WindowsFormsDemo", "WindowsFormsDemo\WindowsFormsDemo.csproj", "{D15FEADF-597D-447C-AD75-60CC25721CFF}"
EndProject
Global
	GlobalSection(SolutionConfigurationPlatforms) = preSolution
		Debug|Any CPU = Debug|Any CPU
		Release|Any CPU = Release|Any CPU
	EndGlobalSection
	GlobalSection(ProjectConfigurationPlatforms) = postSolution
		{D15FEADF-597D-447C-AD75-60CC25721CFF}.Debug|Any CPU.ActiveCfg = Debug|Any CPU
		{D15FEADF-597D-447C-AD75-60CC25721CFF}.Debug|Any CPU.Build.0 = Debug|Any CPU
		{D15FEADF-597D-447C-AD75-60CC25721CFF}.Release|Any CPU.ActiveCfg = Release|Any CPU
		{D15FEADF-597D-447C-AD75-60CC25721CFF}.Release|Any CPU.Build.0 = Release|Any CPU
	EndGlobalSection
	GlobalSection(SolutionProperties) = preSolution
		HideSolutionNode = FALSE
	EndGlobalSection
	GlobalSection(ExtensibilityGlobals) = postSolution
		SolutionGuid = {8679B3DD-1B24-4B02-A699-3D6590B9790C}
	EndGlobalSection
EndGlobal
